{
  "name": "database",
  "lockfileVersion": 3,
  "requires": true,
  "packages": {
    "": {
      "name": "database",
      "dependencies": {
        "@prisma/client": "latest",
        "database": "file:"
      },
      "devDependencies": {
        "prisma": "^4.5.0"
      }
    },
    "node_modules/@prisma/client": {
      "version": "6.7.0",
      "resolved": "https://registry.npmjs.org/@prisma/client/-/client-6.7.0.tgz",
      "integrity": "sha512-+k61zZn1XHjbZul8q6TdQLpuI/cvyfil87zqK2zpreNIXyXtpUv3+H/oM69hcsFcZXaokHJIzPAt5Z8C8eK2QA==",
      "hasInstallScript": true,
      "license": "Apache-2.0",
      "engines": {
        "node": ">=18.18"
      },
      "peerDependencies": {
        "prisma": "*",
        "typescript": ">=5.1.0"
      },
      "peerDependenciesMeta": {
        "prisma": {
          "optional": true
        },
        "typescript": {
          "optional": true
        }
      }
    },
    "node_modules/@prisma/engines": {
      "version": "4.16.2",
      "devOptional": true,
      "hasInstallScript": true,
      "license": "Apache-2.0"
    },
    "node_modules/database": {
      "resolved": "",
      "link": true
    },
    "node_modules/prisma": {
      "version": "4.16.2",
      "devOptional": true,
      "hasInstallScript": true,
      "license": "Apache-2.0",
      "dependencies": {
        "@prisma/engines": "4.16.2"
      },
      "bin": {
        "prisma": "build/index.js",
        "prisma2": "build/index.js"
      },
      "engines": {
        "node": ">=14.17"
      }
    }
  }
}
